<?xml version="1.0" encoding="utf-8"?>
<Project ToolsVersion="4.0" xmlns="http://schemas.microsoft.com/developer/msbuild/2003">
  <ItemGroup>
    <Filter Include="Source Files">
      <UniqueIdentifier>{4FC737F1-C7A5-4376-A066-2A32D752A2FF}</UniqueIdentifier>
      <Extensions>cpp;c;cc;cxx;c++;cppm;ixx;def;odl;idl;hpj;bat;asm;asmx</Extensions>
    </Filter>
    <Filter Include="Header Files">
      <UniqueIdentifier>{93995380-89BD-4b04-88EB-625FBE52EBFB}</UniqueIdentifier>
      <Extensions>h;hh;hpp;hxx;h++;hm;inl;inc;ipp;xsd</Extensions>
    </Filter>
    <Filter Include="Resource Files">
      <UniqueIdentifier>{67DA6AB6-F800-4c08-8B7A-83BB121AAD01}</UniqueIdentifier>
      <Extensions>rc;ico;cur;bmp;dlg;rc2;rct;bin;rgs;gif;jpg;jpeg;jpe;resx;tiff;tif;png;wav;mfcribbon-ms</Extensions>
    </Filter>
  </ItemGroup>
  <ItemGroup>
    <ClCompile Include="src\main.cpp">
      <Filter>Source Files</Filter>
    </ClCompile>
    <ClCompile Include="src\core\components.cpp">
      <Filter>Source Files</Filter>
    </ClCompile>
    <ClCompile Include="src\core\ecs.cpp">
      <Filter>Source Files</Filter>
    </ClCompile>
    <ClCompile Include="src\core\resource_management\resource_manager.cpp">
      <Filter>Source Files</Filter>
    </ClCompile>
    <ClCompile Include="src\core\scene_loader.cpp">
      <Filter>Source Files</Filter>
    </ClCompile>
    <ClCompile Include="src\common\hashing\hashed_string_internal.cpp">
      <Filter>Source Files</Filter>
    </ClCompile>
    <ClCompile Include="src\common\hashing\hashed_string.cpp">
      <Filter>Source Files</Filter>
    </ClCompile>
    <ClCompile Include="src\core\resource_management\resource_types.cpp">
      <Filter>Source Files</Filter>
    </ClCompile>
    <ClCompile Include="src\common\lib\com_print.cpp">
      <Filter>Source Files</Filter>
    </ClCompile>
    <ClCompile Include="src\systems\test_system.cpp">
      <Filter>Source Files</Filter>
    </ClCompile>
  </ItemGroup>
  <ItemGroup>
    <ClInclude Include="src\core\components.h">
      <Filter>Header Files</Filter>
    </ClInclude>
    <ClInclude Include="src\common\types.h">
      <Filter>Header Files</Filter>
    </ClInclude>
    <ClInclude Include="src\common\global_defines.h">
      <Filter>Header Files</Filter>
    </ClInclude>
    <ClInclude Include="src\core\ecs.h">
      <Filter>Header Files</Filter>
    </ClInclude>
    <ClInclude Include="src\core\resource_management\resource_manager.h">
      <Filter>Header Files</Filter>
    </ClInclude>
    <ClInclude Include="src\core\scene_loader.h">
      <Filter>Header Files</Filter>
    </ClInclude>
    <ClInclude Include="src\common\hashing\hashed_string.h">
      <Filter>Header Files</Filter>
    </ClInclude>
    <ClInclude Include="src\common\hashing\hashed_string_internal.h">
      <Filter>Header Files</Filter>
    </ClInclude>
    <ClInclude Include="src\common\lib\com_assert.h">
      <Filter>Header Files</Filter>
    </ClInclude>
    <ClInclude Include="src\common\lib\com_array.h">
      <Filter>Header Files</Filter>
    </ClInclude>
    <ClInclude Include="src\core\resource_management\resource_types.h">
      <Filter>Header Files</Filter>
    </ClInclude>
    <ClInclude Include="src\common\lib\com_print.h">
      <Filter>Header Files</Filter>
    </ClInclude>
    <ClInclude Include="src\common\constants.h">
      <Filter>Header Files</Filter>
    </ClInclude>
    <ClInclude Include="src\graphics\sprite_renderer.h">
      <Filter>Header Files</Filter>
    </ClInclude>
    <ClInclude Include="src\core\resource_management\resource_manager_internal.h">
      <Filter>Header Files</Filter>
    </ClInclude>
    <ClInclude Include="src\core\system.h">
      <Filter>Header Files</Filter>
    </ClInclude>
    <ClInclude Include="src\systems\test_system.h">
      <Filter>Header Files</Filter>
    </ClInclude>
    <ClInclude Include="src\common\lib\com_string.h">
      <Filter>Header Files</Filter>
    </ClInclude>
  </ItemGroup>
</Project>